
Microsoft Visual Studio Solution File, Format Version 12.00
# Visual Studio 2013
VisualStudioVersion = 12.0.40629.0
MinimumVisualStudioVersion = 10.0.40219.1
Project("{FAE04EC0-301F-11D3-BF4B-00C04F79EFBC}") = "SimpleBlog.WebUI", "SimpleBlog.WebUI\SimpleBlog.WebUI.csproj", "{BEAFC63A-30B9-4C31-84B3-2AB7EB85C40E}"
EndProject
Project("{FAE04EC0-301F-11D3-BF4B-00C04F79EFBC}") = "SimpleBlog.Tests", "SimpleBlog.Tests\SimpleBlog.Tests.csproj", "{69625EB5-FDC7-459C-AB0C-87D416F2815F}"
EndProject
Project("{FAE04EC0-301F-11D3-BF4B-00C04F79EFBC}") = "SimpleBlog.DAL", "SimpleBlog.DAL\SimpleBlog.DAL.csproj", "{28AF06DB-BC03-483F-8B15-2015986F2838}"
EndProject
Project("{FAE04EC0-301F-11D3-BF4B-00C04F79EFBC}") = "SimpleBlog.BLL", "SimpleBlog.BLL\SimpleBlog.BLL.csproj", "{2A0DCA32-C45E-49E9-810F-BE21D4D314F6}"
EndProject
Global
	GlobalSection(SolutionConfigurationPlatforms) = preSolution
		Debug|Any CPU = Debug|Any CPU
		Release|Any CPU = Release|Any CPU
	EndGlobalSection
	GlobalSection(ProjectConfigurationPlatforms) = postSolution
		{BEAFC63A-30B9-4C31-84B3-2AB7EB85C40E}.Debug|Any CPU.ActiveCfg = Debug|Any CPU
		{BEAFC63A-30B9-4C31-84B3-2AB7EB85C40E}.Debug|Any CPU.Build.0 = Debug|Any CPU
		{BEAFC63A-30B9-4C31-84B3-2AB7EB85C40E}.Release|Any CPU.ActiveCfg = Release|Any CPU
		{BEAFC63A-30B9-4C31-84B3-2AB7EB85C40E}.Release|Any CPU.Build.0 = Release|Any CPU
		{69625EB5-FDC7-459C-AB0C-87D416F2815F}.Debug|Any CPU.ActiveCfg = Debug|Any CPU
		{69625EB5-FDC7-459C-AB0C-87D416F2815F}.Debug|Any CPU.Build.0 = Debug|Any CPU
		{69625EB5-FDC7-459C-AB0C-87D416F2815F}.Release|Any CPU.ActiveCfg = Release|Any CPU
		{69625EB5-FDC7-459C-AB0C-87D416F2815F}.Release|Any CPU.Build.0 = Release|Any CPU
		{28AF06DB-BC03-483F-8B15-2015986F2838}.Debug|Any CPU.ActiveCfg = Debug|Any CPU
		{28AF06DB-BC03-483F-8B15-2015986F2838}.Debug|Any CPU.Build.0 = Debug|Any CPU
		{28AF06DB-BC03-483F-8B15-2015986F2838}.Release|Any CPU.ActiveCfg = Release|Any CPU
		{28AF06DB-BC03-483F-8B15-2015986F2838}.Release|Any CPU.Build.0 = Release|Any CPU
		{2A0DCA32-C45E-49E9-810F-BE21D4D314F6}.Debug|Any CPU.ActiveCfg = Debug|Any CPU
		{2A0DCA32-C45E-49E9-810F-BE21D4D314F6}.Debug|Any CPU.Build.0 = Debug|Any CPU
		{2A0DCA32-C45E-49E9-810F-BE21D4D314F6}.Release|Any CPU.ActiveCfg = Release|Any CPU
		{2A0DCA32-C45E-49E9-810F-BE21D4D314F6}.Release|Any CPU.Build.0 = Release|Any CPU
	EndGlobalSection
	GlobalSection(SolutionProperties) = preSolution
		HideSolutionNode = FALSE
	EndGlobalSection
EndGlobal
